// !$*UTF8*$!
{
	archiveVersion = 1;
	classes = {
	};
	objectVersion = 55;
	objects = {

/* Begin PBXBuildFile section */
		DC35A415287FB9F6006ABDA5 /* MemoryGameModel.swift in Sources */ = {isa = PBXBuildFile; fileRef = DC35A414287FB9F6006ABDA5 /* MemoryGameModel.swift */; };
		DC35A417287FBC43006ABDA5 /* EmojiMemoryGameViewModel.swift in Sources */ = {isa = PBXBuildFile; fileRef = DC35A416287FBC43006ABDA5 /* EmojiMemoryGameViewModel.swift */; };
		DC6688482870BE6200563A92 /* StanfordApp.swift in Sources */ = {isa = PBXBuildFile; fileRef = DC6688472870BE6200563A92 /* StanfordApp.swift */; };
		DC66884A2870BE6200563A92 /* EmojiMemoryGameView.swift in Sources */ = {isa = PBXBuildFile; fileRef = DC6688492870BE6200563A92 /* EmojiMemoryGameView.swift */; };
		DC66884C2870BE6300563A92 /* Assets.xcassets in Resources */ = {isa = PBXBuildFile; fileRef = DC66884B2870BE6300563A92 /* Assets.xcassets */; };
		DC66884F2870BE6300563A92 /* Preview Assets.xcassets in Resources */ = {isa = PBXBuildFile; fileRef = DC66884E2870BE6300563A92 /* Preview Assets.xcassets */; };
		DC6688592870BE6300563A92 /* StanfordTests.swift in Sources */ = {isa = PBXBuildFile; fileRef = DC6688582870BE6300563A92 /* StanfordTests.swift */; };
		DC6688632870BE6300563A92 /* StanfordUITests.swift in Sources */ = {isa = PBXBuildFile; fileRef = DC6688622870BE6300563A92 /* StanfordUITests.swift */; };
		DC6688652870BE6300563A92 /* StanfordUITestsLaunchTests.swift in Sources */ = {isa = PBXBuildFile; fileRef = DC6688642870BE6300563A92 /* StanfordUITestsLaunchTests.swift */; };
		DC7447A928C3F6EF009DA409 /* Pie.swift in Sources */ = {isa = PBXBuildFile; fileRef = DC7447A828C3F6EF009DA409 /* Pie.swift */; };
		DC744D9528BAAE6300D55AE4 /* AspectVGrid.swift in Sources */ = {isa = PBXBuildFile; fileRef = DC744D9428BAAE6300D55AE4 /* AspectVGrid.swift */; };
/* End PBXBuildFile section */

/* Begin PBXContainerItemProxy section */
		DC6688552870BE6300563A92 /* PBXContainerItemProxy */ = {
			isa = PBXContainerItemProxy;
			containerPortal = DC66883C2870BE6200563A92 /* Project object */;
			proxyType = 1;
			remoteGlobalIDString = DC6688432870BE6200563A92;
			remoteInfo = Stanford;
		};
		DC66885F2870BE6300563A92 /* PBXContainerItemProxy */ = {
			isa = PBXContainerItemProxy;
			containerPortal = DC66883C2870BE6200563A92 /* Project object */;
			proxyType = 1;
			remoteGlobalIDString = DC6688432870BE6200563A92;
			remoteInfo = Stanford;
		};
/* End PBXContainerItemProxy section */

/* Begin PBXFileReference section */
		DC35A414287FB9F6006ABDA5 /* MemoryGameModel.swift */ = {isa = PBXFileReference; lastKnownFileType = sourcecode.swift; path = MemoryGameModel.swift; sourceTree = "<group>"; };
		DC35A416287FBC43006ABDA5 /* EmojiMemoryGameViewModel.swift */ = {isa = PBXFileReference; lastKnownFileType = sourcecode.swift; path = EmojiMemoryGameViewModel.swift; sourceTree = "<group>"; };
		DC6688442870BE6200563A92 /* Stanford.app */ = {isa = PBXFileReference; explicitFileType = wrapper.application; includeInIndex = 0; path = Stanford.app; sourceTree = BUILT_PRODUCTS_DIR; };
		DC6688472870BE6200563A92 /* StanfordApp.swift */ = {isa = PBXFileReference; lastKnownFileType = sourcecode.swift; path = StanfordApp.swift; sourceTree = "<group>"; };
		DC6688492870BE6200563A92 /* EmojiMemoryGameView.swift */ = {isa = PBXFileReference; lastKnownFileType = sourcecode.swift; path = EmojiMemoryGameView.swift; sourceTree = "<group>"; };
		DC66884B2870BE6300563A92 /* Assets.xcassets */ = {isa = PBXFileReference; lastKnownFileType = folder.assetcatalog; path = Assets.xcassets; sourceTree = "<group>"; };
		DC66884E2870BE6300563A92 /* Preview Assets.xcassets */ = {isa = PBXFileReference; lastKnownFileType = folder.assetcatalog; path = "Preview Assets.xcassets"; sourceTree = "<group>"; };
		DC6688542870BE6300563A92 /* StanfordTests.xctest */ = {isa = PBXFileReference; explicitFileType = wrapper.cfbundle; includeInIndex = 0; path = StanfordTests.xctest; sourceTree = BUILT_PRODUCTS_DIR; };
		DC6688582870BE6300563A92 /* StanfordTests.swift */ = {isa = PBXFileReference; lastKnownFileType = sourcecode.swift; path = StanfordTests.swift; sourceTree = "<group>"; };
		DC66885E2870BE6300563A92 /* StanfordUITests.xctest */ = {isa = PBXFileReference; explicitFileType = wrapper.cfbundle; includeInIndex = 0; path = StanfordUITests.xctest; sourceTree = BUILT_PRODUCTS_DIR; };
		DC6688622870BE6300563A92 /* StanfordUITests.swift */ = {isa = PBXFileReference; lastKnownFileType = sourcecode.swift; path = StanfordUITests.swift; sourceTree = "<group>"; };
		DC6688642870BE6300563A92 /* StanfordUITestsLaunchTests.swift */ = {isa = PBXFileReference; lastKnownFileType = sourcecode.swift; path = StanfordUITestsLaunchTests.swift; sourceTree = "<group>"; };
		DC7447A828C3F6EF009DA409 /* Pie.swift */ = {isa = PBXFileReference; lastKnownFileType = sourcecode.swift; path = Pie.swift; sourceTree = "<group>"; };
		DC744D9428BAAE6300D55AE4 /* AspectVGrid.swift */ = {isa = PBXFileReference; lastKnownFileType = sourcecode.swift; path = AspectVGrid.swift; sourceTree = "<group>"; };
/* End PBXFileReference section */

/* Begin PBXFrameworksBuildPhase section */
		DC6688412870BE6200563A92 /* Frameworks */ = {
			isa = PBXFrameworksBuildPhase;
			buildActionMask = 2147483647;
			files = (
			);
			runOnlyForDeploymentPostprocessing = 0;
		};
		DC6688512870BE6300563A92 /* Frameworks */ = {
			isa = PBXFrameworksBuildPhase;
			buildActionMask = 2147483647;
			files = (
			);
			runOnlyForDeploymentPostprocessing = 0;
		};
		DC66885B2870BE6300563A92 /* Frameworks */ = {
			isa = PBXFrameworksBuildPhase;
			buildActionMask = 2147483647;
			files = (
			);
			runOnlyForDeploymentPostprocessing = 0;
		};
/* End PBXFrameworksBuildPhase section */

/* Begin PBXGroup section */
		DC66883B2870BE6200563A92 = {
			isa = PBXGroup;
			children = (
				DC6688462870BE6200563A92 /* Stanford */,
				DC6688572870BE6300563A92 /* StanfordTests */,
				DC6688612870BE6300563A92 /* StanfordUITests */,
				DC6688452870BE6200563A92 /* Products */,
			);
			sourceTree = "<group>";
		};
		DC6688452870BE6200563A92 /* Products */ = {
			isa = PBXGroup;
			children = (
				DC6688442870BE6200563A92 /* Stanford.app */,
				DC6688542870BE6300563A92 /* StanfordTests.xctest */,
				DC66885E2870BE6300563A92 /* StanfordUITests.xctest */,
			);
			name = Products;
			sourceTree = "<group>";
		};
		DC6688462870BE6200563A92 /* Stanford */ = {
			isa = PBXGroup;
			children = (
				DC35A414287FB9F6006ABDA5 /* MemoryGameModel.swift */,
				DC35A416287FBC43006ABDA5 /* EmojiMemoryGameViewModel.swift */,
				DC6688472870BE6200563A92 /* StanfordApp.swift */,
				DC744D9428BAAE6300D55AE4 /* AspectVGrid.swift */,
				DC6688492870BE6200563A92 /* EmojiMemoryGameView.swift */,
				DC7447A828C3F6EF009DA409 /* Pie.swift */,
				DC66884B2870BE6300563A92 /* Assets.xcassets */,
				DC66884D2870BE6300563A92 /* Preview Content */,
			);
			path = Stanford;
			sourceTree = "<group>";
		};
		DC66884D2870BE6300563A92 /* Preview Content */ = {
			isa = PBXGroup;
			children = (
				DC66884E2870BE6300563A92 /* Preview Assets.xcassets */,
			);
			path = "Preview Content";
			sourceTree = "<group>";
		};
		DC6688572870BE6300563A92 /* StanfordTests */ = {
			isa = PBXGroup;
			children = (
				DC6688582870BE6300563A92 /* StanfordTests.swift */,
			);
			path = StanfordTests;
			sourceTree = "<group>";
		};
		DC6688612870BE6300563A92 /* StanfordUITests */ = {
			isa = PBXGroup;
			children = (
				DC6688622870BE6300563A92 /* StanfordUITests.swift */,
				DC6688642870BE6300563A92 /* StanfordUITestsLaunchTests.swift */,
			);
			path = StanfordUITests;
			sourceTree = "<group>";
		};
/* End PBXGroup section */

/* Begin PBXNativeTarget section */
		DC6688432870BE6200563A92 /* Stanford */ = {
			isa = PBXNativeTarget;
			buildConfigurationList = DC6688682870BE6300563A92 /* Build configuration list for PBXNativeTarget "Stanford" */;
			buildPhases = (
				DC6688402870BE6200563A92 /* Sources */,
				DC6688412870BE6200563A92 /* Frameworks */,
				DC6688422870BE6200563A92 /* Resources */,
			);
			buildRules = (
			);
			dependencies = (
			);
			name = Stanford;
			productName = Stanford;
			productReference = DC6688442870BE6200563A92 /* Stanford.app */;
			productType = "com.apple.product-type.application";
		};
		DC6688532870BE6300563A92 /* StanfordTests */ = {
			isa = PBXNativeTarget;
			buildConfigurationList = DC66886B2870BE6300563A92 /* Build configuration list for PBXNativeTarget "StanfordTests" */;
			buildPhases = (
				DC6688502870BE6300563A92 /* Sources */,
				DC6688512870BE6300563A92 /* Frameworks */,
				DC6688522870BE6300563A92 /* Resources */,
			);
			buildRules = (
			);
			dependencies = (
				DC6688562870BE6300563A92 /* PBXTargetDependency */,
			);
			name = StanfordTests;
			productName = StanfordTests;
			productReference = DC6688542870BE6300563A92 /* StanfordTests.xctest */;
			productType = "com.apple.product-type.bundle.unit-test";
		};
		DC66885D2870BE6300563A92 /* StanfordUITests */ = {
			isa = PBXNativeTarget;
			buildConfigurationList = DC66886E2870BE6300563A92 /* Build configuration list for PBXNativeTarget "StanfordUITests" */;
			buildPhases = (
				DC66885A2870BE6300563A92 /* Sources */,
				DC66885B2870BE6300563A92 /* Frameworks */,
				DC66885C2870BE6300563A92 /* Resources */,
			);
			buildRules = (
			);
			dependencies = (
				DC6688602870BE6300563A92 /* PBXTargetDependency */,
			);
			name = StanfordUITests;
			productName = StanfordUITests;
			productReference = DC66885E2870BE6300563A92 /* StanfordUITests.xctest */;
			productType = "com.apple.product-type.bundle.ui-testing";
		};
/* End PBXNativeTarget section */

/* Begin PBXProject section */
		DC66883C2870BE6200563A92 /* Project object */ = {
			isa = PBXProject;
			attributes = {
				BuildIndependentTargetsInParallel = 1;
				LastSwiftUpdateCheck = 1330;
				LastUpgradeCheck = 1330;
				TargetAttributes = {
					DC6688432870BE6200563A92 = {
						CreatedOnToolsVersion = 13.3.1;
					};
					DC6688532870BE6300563A92 = {
						CreatedOnToolsVersion = 13.3.1;
						TestTargetID = DC6688432870BE6200563A92;
					};
					DC66885D2870BE6300563A92 = {
						CreatedOnToolsVersion = 13.3.1;
						TestTargetID = DC6688432870BE6200563A92;
					};
				};
			};
			buildConfigurationList = DC66883F2870BE6200563A92 /* Build configuration list for PBXProject "Stanford" */;
			compatibilityVersion = "Xcode 13.0";
			developmentRegion = en;
			hasScannedForEncodings = 0;
			knownRegions = (
				en,
				Base,
			);
			mainGroup = DC66883B2870BE6200563A92;
			productRefGroup = DC6688452870BE6200563A92 /* Products */;
			projectDirPath = "";
			projectRoot = "";
			targets = (
				DC6688432870BE6200563A92 /* Stanford */,
				DC6688532870BE6300563A92 /* StanfordTests */,
				DC66885D2870BE6300563A92 /* StanfordUITests */,
			);
		};
/* End PBXProject section */

/* Begin PBXResourcesBuildPhase section */
		DC6688422870BE6200563A92 /* Resources */ = {
			isa = PBXResourcesBuildPhase;
			buildActionMask = 2147483647;
			files = (
				DC66884F2870BE6300563A92 /* Preview Assets.xcassets in Resources */,
				DC66884C2870BE6300563A92 /* Assets.xcassets in Resources */,
			);
			runOnlyForDeploymentPostprocessing = 0;
		};
		DC6688522870BE6300563A92 /* Resources */ = {
			isa = PBXResourcesBuildPhase;
			buildActionMask = 2147483647;
			files = (
			);
			runOnlyForDeploymentPostprocessing = 0;
		};
		DC66885C2870BE6300563A92 /* Resources */ = {
			isa = PBXResourcesBuildPhase;
			buildActionMask = 2147483647;
			files = (
			);
			runOnlyForDeploymentPostprocessing = 0;
		};
/* End PBXResourcesBuildPhase section */

/* Begin PBXSourcesBuildPhase section */
		DC6688402870BE6200563A92 /* Sources */ = {
			isa = PBXSourcesBuildPhase;
			buildActionMask = 2147483647;
			files = (
				DC7447A928C3F6EF009DA409 /* Pie.swift in Sources */,
				DC35A417287FBC43006ABDA5 /* EmojiMemoryGameViewModel.swift in Sources */,
				DC35A415287FB9F6006ABDA5 /* MemoryGameModel.swift in Sources */,
				DC66884A2870BE6200563A92 /* EmojiMemoryGameView.swift in Sources */,
				DC744D9528BAAE6300D55AE4 /* AspectVGrid.swift in Sources */,
				DC6688482870BE6200563A92 /* StanfordApp.swift in Sources */,
			);
			runOnlyForDeploymentPostprocessing = 0;
		};
		DC6688502870BE6300563A92 /* Sources */ = {
			isa = PBXSourcesBuildPhase;
			buildActionMask = 2147483647;
			files = (
				DC6688592870BE6300563A92 /* StanfordTests.swift in Sources */,
			);
			runOnlyForDeploymentPostprocessing = 0;
		};
		DC66885A2870BE6300563A92 /* Sources */ = {
			isa = PBXSourcesBuildPhase;
			buildActionMask = 2147483647;
			files = (
				DC6688652870BE6300563A92 /* StanfordUITestsLaunchTests.swift in Sources */,
				DC6688632870BE6300563A92 /* StanfordUITests.swift in Sources */,
			);
			runOnlyForDeploymentPostprocessing = 0;
		};
/* End PBXSourcesBuildPhase section */

/* Begin PBXTargetDependency section */
		DC6688562870BE6300563A92 /* PBXTargetDependency */ = {
			isa = PBXTargetDependency;
			target = DC6688432870BE6200563A92 /* Stanford */;
			targetProxy = DC6688552870BE6300563A92 /* PBXContainerItemProxy */;
		};
		DC6688602870BE6300563A92 /* PBXTargetDependency */ = {
			isa = PBXTargetDependency;
			target = DC6688432870BE6200563A92 /* Stanford */;
			targetProxy = DC66885F2870BE6300563A92 /* PBXContainerItemProxy */;
		};
/* End PBXTargetDependency section */

/* Begin XCBuildConfiguration section */
		DC6688662870BE6300563A92 /* Debug */ = {
			isa = XCBuildConfiguration;
			buildSettings = {
				ALWAYS_SEARCH_USER_PATHS = NO;
				CLANG_ANALYZER_NONNULL = YES;
				CLANG_ANALYZER_NUMBER_OBJECT_CONVERSION = YES_AGGRESSIVE;
				CLANG_CXX_LANGUAGE_STANDARD = "gnu++17";
				CLANG_ENABLE_MODULES = YES;
				CLANG_ENABLE_OBJC_ARC = YES;
				CLANG_ENABLE_OBJC_WEAK = YES;
				CLANG_WARN_BLOCK_CAPTURE_AUTORELEASING = YES;
				CLANG_WARN_BOOL_CONVERSION = YES;
				CLANG_WARN_COMMA = YES;
				CLANG_WARN_CONSTANT_CONVERSION = YES;
				CLANG_WARN_DEPRECATED_OBJC_IMPLEMENTATIONS = YES;
				CLANG_WARN_DIRECT_OBJC_ISA_USAGE = YES_ERROR;
				CLANG_WARN_DOCUMENTATION_COMMENTS = YES;
				CLANG_WARN_EMPTY_BODY = YES;
				CLANG_WARN_ENUM_CONVERSION = YES;
				CLANG_WARN_INFINITE_RECURSION = YES;
				CLANG_WARN_INT_CONVERSION = YES;
				CLANG_WARN_NON_LITERAL_NULL_CONVERSION = YES;
				CLANG_WARN_OBJC_IMPLICIT_RETAIN_SELF = YES;
				CLANG_WARN_OBJC_LITERAL_CONVERSION = YES;
				CLANG_WARN_OBJC_ROOT_CLASS = YES_ERROR;
				CLANG_WARN_QUOTED_INCLUDE_IN_FRAMEWORK_HEADER = YES;
				CLANG_WARN_RANGE_LOOP_ANALYSIS = YES;
				CLANG_WARN_STRICT_PROTOTYPES = YES;
				CLANG_WARN_SUSPICIOUS_MOVE = YES;
				CLANG_WARN_UNGUARDED_AVAILABILITY = YES_AGGRESSIVE;
				CLANG_WARN_UNREACHABLE_CODE = YES;
				CLANG_WARN__DUPLICATE_METHOD_MATCH = YES;
				COPY_PHASE_STRIP = NO;
				DEBUG_INFORMATION_FORMAT = dwarf;
				ENABLE_STRICT_OBJC_MSGSEND = YES;
				ENABLE_TESTABILITY = YES;
				GCC_C_LANGUAGE_STANDARD = gnu11;
				GCC_DYNAMIC_NO_PIC = NO;
				GCC_NO_COMMON_BLOCKS = YES;
				GCC_OPTIMIZATION_LEVEL = 0;
				GCC_PREPROCESSOR_DEFINITIONS = (
					"DEBUG=1",
					"$(inherited)",
				);
				GCC_WARN_64_TO_32_BIT_CONVERSION = YES;
				GCC_WARN_ABOUT_RETURN_TYPE = YES_ERROR;
				GCC_WARN_UNDECLARED_SELECTOR = YES;
				GCC_WARN_UNINITIALIZED_AUTOS = YES_AGGRESSIVE;
				GCC_WARN_UNUSED_FUNCTION = YES;
				GCC_WARN_UNUSED_VARIABLE = YES;
				IPHONEOS_DEPLOYMENT_TARGET = 15.4;
				MTL_ENABLE_DEBUG_INFO = INCLUDE_SOURCE;
				MTL_FAST_MATH = YES;
				ONLY_ACTIVE_ARCH = YES;
				SDKROOT = iphoneos;
				SWIFT_ACTIVE_COMPILATION_CONDITIONS = DEBUG;
				SWIFT_OPTIMIZATION_LEVEL = "-Onone";
			};
			name = Debug;
		};
		DC6688672870BE6300563A92 /* Release */ = {
			isa = XCBuildConfiguration;
			buildSettings = {
				ALWAYS_SEARCH_USER_PATHS = NO;
				CLANG_ANALYZER_NONNULL = YES;
				CLANG_ANALYZER_NUMBER_OBJECT_CONVERSION = YES_AGGRESSIVE;
				CLANG_CXX_LANGUAGE_STANDARD = "gnu++17";
				CLANG_ENABLE_MODULES = YES;
				CLANG_ENABLE_OBJC_ARC = YES;
				CLANG_ENABLE_OBJC_WEAK = YES;
				CLANG_WARN_BLOCK_CAPTURE_AUTORELEASING = YES;
				CLANG_WARN_BOOL_CONVERSION = YES;
				CLANG_WARN_COMMA = YES;
				CLANG_WARN_CONSTANT_CONVERSION = YES;
				CLANG_WARN_DEPRECATED_OBJC_IMPLEMENTATIONS = YES;
				CLANG_WARN_DIRECT_OBJC_ISA_USAGE = YES_ERROR;
				CLANG_WARN_DOCUMENTATION_COMMENTS = YES;
				CLANG_WARN_EMPTY_BODY = YES;
				CLANG_WARN_ENUM_CONVERSION = YES;
				CLANG_WARN_INFINITE_RECURSION = YES;
				CLANG_WARN_INT_CONVERSION = YES;
				CLANG_WARN_NON_LITERAL_NULL_CONVERSION = YES;
				CLANG_WARN_OBJC_IMPLICIT_RETAIN_SELF = YES;
				CLANG_WARN_OBJC_LITERAL_CONVERSION = YES;
				CLANG_WARN_OBJC_ROOT_CLASS = YES_ERROR;
				CLANG_WARN_QUOTED_INCLUDE_IN_FRAMEWORK_HEADER = YES;
				CLANG_WARN_RANGE_LOOP_ANALYSIS = YES;
				CLANG_WARN_STRICT_PROTOTYPES = YES;
				CLANG_WARN_SUSPICIOUS_MOVE = YES;
				CLANG_WARN_UNGUARDED_AVAILABILITY = YES_AGGRESSIVE;
				CLANG_WARN_UNREACHABLE_CODE = YES;
				CLANG_WARN__DUPLICATE_METHOD_MATCH = YES;
				COPY_PHASE_STRIP = NO;
				DEBUG_INFORMATION_FORMAT = "dwarf-with-dsym";
				ENABLE_NS_ASSERTIONS = NO;
				ENABLE_STRICT_OBJC_MSGSEND = YES;
				GCC_C_LANGUAGE_STANDARD = gnu11;
				GCC_NO_COMMON_BLOCKS = YES;
				GCC_WARN_64_TO_32_BIT_CONVERSION = YES;
				GCC_WARN_ABOUT_RETURN_TYPE = YES_ERROR;
				GCC_WARN_UNDECLARED_SELECTOR = YES;
				GCC_WARN_UNINITIALIZED_AUTOS = YES_AGGRESSIVE;
				GCC_WARN_UNUSED_FUNCTION = YES;
				GCC_WARN_UNUSED_VARIABLE = YES;
				IPHONEOS_DEPLOYMENT_TARGET = 15.4;
				MTL_ENABLE_DEBUG_INFO = NO;
				MTL_FAST_MATH = YES;
				SDKROOT = iphoneos;
				SWIFT_COMPILATION_MODE = wholemodule;
				SWIFT_OPTIMIZATION_LEVEL = "-O";
				VALIDATE_PRODUCT = YES;
			};
			name = Release;
		};
		DC6688692870BE6300563A92 /* Debug */ = {
			isa = XCBuildConfiguration;
			buildSettings = {
				ASSETCATALOG_COMPILER_APPICON_NAME = AppIcon;
				ASSETCATALOG_COMPILER_GLOBAL_ACCENT_COLOR_NAME = AccentColor;
				CODE_SIGN_STYLE = Automatic;
				CURRENT_PROJECT_VERSION = 1;
				DEVELOPMENT_ASSET_PATHS = "\"Stanford/Preview Content\"";
				DEVELOPMENT_TEAM = SB927AN2T5;
				ENABLE_PREVIEWS = YES;
				GENERATE_INFOPLIST_FILE = YES;
				INFOPLIST_KEY_UIApplicationSceneManifest_Generation = YES;
				INFOPLIST_KEY_UIApplicationSupportsIndirectInputEvents = YES;
				INFOPLIST_KEY_UILaunchScreen_Generation = YES;
				INFOPLIST_KEY_UISupportedInterfaceOrientations_iPad = "UIInterfaceOrientationPortrait UIInterfaceOrientationPortraitUpsideDown UIInterfaceOrientationLandscapeLeft UIInterfaceOrientationLandscapeRight";
				INFOPLIST_KEY_UISupportedInterfaceOrientations_iPhone = "UIInterfaceOrientationPortrait UIInterfaceOrientationLandscapeLeft UIInterfaceOrientationLandscapeRight";
				LD_RUNPATH_SEARCH_PATHS = (
					"$(inherited)",
					"@executable_path/Frameworks",
				);
				MARKETING_VERSION = 1.0;
				PRODUCT_BUNDLE_IDENTIFIER = br.com.facioli.Stanford;
				PRODUCT_NAME = "$(TARGET_NAME)";
				SWIFT_EMIT_LOC_STRINGS = YES;
				SWIFT_VERSION = 5.0;
				TARGETED_DEVICE_FAMILY = "1,2";
			};
			name = Debug;
		};
		DC66886A2870BE6300563A92 /* Release */ = {
			isa = XCBuildConfiguration;
			buildSettings = {
				ASSETCATALOG_COMPILER_APPICON_NAME = AppIcon;
				ASSETCATALOG_COMPILER_GLOBAL_ACCENT_COLOR_NAME = AccentColor;
				CODE_SIGN_STYLE = Automatic;
				CURRENT_PROJECT_VERSION = 1;
				DEVELOPMENT_ASSET_PATHS = "\"Stanford/Preview Content\"";
				DEVELOPMENT_TEAM = SB927AN2T5;
				ENABLE_PREVIEWS = YES;
				GENERATE_INFOPLIST_FILE = YES;
				INFOPLIST_KEY_UIApplicationSceneManifest_Generation = YES;
				INFOPLIST_KEY_UIApplicationSupportsIndirectInputEvents = YES;
				INFOPLIST_KEY_UILaunchScreen_Generation = YES;
				INFOPLIST_KEY_UISupportedInterfaceOrientations_iPad = "UIInterfaceOrientationPortrait UIInterfaceOrientationPortraitUpsideDown UIInterfaceOrientationLandscapeLeft UIInterfaceOrientationLandscapeRight";
				INFOPLIST_KEY_UISupportedInterfaceOrientations_iPhone = "UIInterfaceOrientationPortrait UIInterfaceOrientationLandscapeLeft UIInterfaceOrientationLandscapeRight";
				LD_RUNPATH_SEARCH_PATHS = (
					"$(inherited)",
					"@executable_path/Frameworks",
				);
				MARKETING_VERSION = 1.0;
				PRODUCT_BUNDLE_IDENTIFIER = br.com.facioli.Stanford;
				PRODUCT_NAME = "$(TARGET_NAME)";
				SWIFT_EMIT_LOC_STRINGS = YES;
				SWIFT_VERSION = 5.0;
				TARGETED_DEVICE_FAMILY = "1,2";
			};
			name = Release;
		};
		DC66886C2870BE6300563A92 /* Debug */ = {
			isa = XCBuildConfiguration;
			buildSettings = {
				ALWAYS_EMBED_SWIFT_STANDARD_LIBRARIES = YES;
				BUNDLE_LOADER = "$(TEST_HOST)";
				CODE_SIGN_STYLE = Automatic;
				CURRENT_PROJECT_VERSION = 1;
				DEVELOPMENT_TEAM = SB927AN2T5;
				GENERATE_INFOPLIST_FILE = YES;
				IPHONEOS_DEPLOYMENT_TARGET = 15.4;
				MARKETING_VERSION = 1.0;
				PRODUCT_BUNDLE_IDENTIFIER = br.com.facioli.StanfordTests;
				PRODUCT_NAME = "$(TARGET_NAME)";
				SWIFT_EMIT_LOC_STRINGS = NO;
				SWIFT_VERSION = 5.0;
				TARGETED_DEVICE_FAMILY = "1,2";
				TEST_HOST = "$(BUILT_PRODUCTS_DIR)/Stanford.app/Stanford";
			};
			name = Debug;
		};
		DC66886D2870BE6300563A92 /* Release */ = {
			isa = XCBuildConfiguration;
			buildSettings = {
				ALWAYS_EMBED_SWIFT_STANDARD_LIBRARIES = YES;
				BUNDLE_LOADER = "$(TEST_HOST)";
				CODE_SIGN_STYLE = Automatic;
				CURRENT_PROJECT_VERSION = 1;
				DEVELOPMENT_TEAM = SB927AN2T5;
				GENERATE_INFOPLIST_FILE = YES;
				IPHONEOS_DEPLOYMENT_TARGET = 15.4;
				MARKETING_VERSION = 1.0;
				PRODUCT_BUNDLE_IDENTIFIER = br.com.facioli.StanfordTests;
				PRODUCT_NAME = "$(TARGET_NAME)";
				SWIFT_EMIT_LOC_STRINGS = NO;
				SWIFT_VERSION = 5.0;
				TARGETED_DEVICE_FAMILY = "1,2";
				TEST_HOST = "$(BUILT_PRODUCTS_DIR)/Stanford.app/Stanford";
			};
			name = Release;
		};
		DC66886F2870BE6300563A92 /* Debug */ = {
			isa = XCBuildConfiguration;
			buildSettings = {
				ALWAYS_EMBED_SWIFT_STANDARD_LIBRARIES = YES;
				CODE_SIGN_STYLE = Automatic;
				CURRENT_PROJECT_VERSION = 1;
				DEVELOPMENT_TEAM = SB927AN2T5;
				GENERATE_INFOPLIST_FILE = YES;
				MARKETING_VERSION = 1.0;
				PRODUCT_BUNDLE_IDENTIFIER = br.com.facioli.StanfordUITests;
				PRODUCT_NAME = "$(TARGET_NAME)";
				SWIFT_EMIT_LOC_STRINGS = NO;
				SWIFT_VERSION = 5.0;
				TARGETED_DEVICE_FAMILY = "1,2";
				TEST_TARGET_NAME = Stanford;
			};
			name = Debug;
		};
		DC6688702870BE6300563A92 /* Release */ = {
			isa = XCBuildConfiguration;
			buildSettings = {
				ALWAYS_EMBED_SWIFT_STANDARD_LIBRARIES = YES;
				CODE_SIGN_STYLE = Automatic;
				CURRENT_PROJECT_VERSION = 1;
				DEVELOPMENT_TEAM = SB927AN2T5;
				GENERATE_INFOPLIST_FILE = YES;
				MARKETING_VERSION = 1.0;
				PRODUCT_BUNDLE_IDENTIFIER = br.com.facioli.StanfordUITests;
				PRODUCT_NAME = "$(TARGET_NAME)";
				SWIFT_EMIT_LOC_STRINGS = NO;
				SWIFT_VERSION = 5.0;
				TARGETED_DEVICE_FAMILY = "1,2";
				TEST_TARGET_NAME = Stanford;
			};
			name = Release;
		};
/* End XCBuildConfiguration section */

/* Begin XCConfigurationList section */
		DC66883F2870BE6200563A92 /* Build configuration list for PBXProject "Stanford" */ = {
			isa = XCConfigurationList;
			buildConfigurations = (
				DC6688662870BE6300563A92 /* Debug */,
				DC6688672870BE6300563A92 /* Release */,
			);
			defaultConfigurationIsVisible = 0;
			defaultConfigurationName = Release;
		};
		DC6688682870BE6300563A92 /* Build configuration list for PBXNativeTarget "Stanford" */ = {
			isa = XCConfigurationList;
			buildConfigurations = (
				DC6688692870BE6300563A92 /* Debug */,
				DC66886A2870BE6300563A92 /* Release */,
			);
			defaultConfigurationIsVisible = 0;
			defaultConfigurationName = Release;
		};
		DC66886B2870BE6300563A92 /* Build configuration list for PBXNativeTarget "StanfordTests" */ = {
			isa = XCConfigurationList;
			buildConfigurations = (
				DC66886C2870BE6300563A92 /* Debug */,
				DC66886D2870BE6300563A92 /* Release */,
			);
			defaultConfigurationIsVisible = 0;
			defaultConfigurationName = Release;
		};
		DC66886E2870BE6300563A92 /* Build configuration list for PBXNativeTarget "StanfordUITests" */ = {
			isa = XCConfigurationList;
			buildConfigurations = (
				DC66886F2870BE6300563A92 /* Debug */,
				DC6688702870BE6300563A92 /* Release */,
			);
			defaultConfigurationIsVisible = 0;
			defaultConfigurationName = Release;
		};
/* End XCConfigurationList section */
	};
	rootObject = DC66883C2870BE6200563A92 /* Project object */;
}
